// !$*UTF8*$!
{
	archiveVersion = 1;
	classes = {
	};
	objectVersion = 46;
	objects = {

/* Begin PBXBuildFile section */
		2D8052E71A91E6CE0073374F /* main.m in Sources */ = {isa = PBXBuildFile; fileRef = 2D8052E61A91E6CE0073374F /* main.m */; };
		2D8052EA1A91E6CE0073374F /* AppDelegate.m in Sources */ = {isa = PBXBuildFile; fileRef = 2D8052E91A91E6CE0073374F /* AppDelegate.m */; };
		2D8052ED1A91E6CE0073374F /* ViewController.m in Sources */ = {isa = PBXBuildFile; fileRef = 2D8052EC1A91E6CE0073374F /* ViewController.m */; };
		2D8052F01A91E6CE0073374F /* Main.storyboard in Resources */ = {isa = PBXBuildFile; fileRef = 2D8052EE1A91E6CE0073374F /* Main.storyboard */; };
		2D8052F21A91E6CE0073374F /* Images.xcassets in Resources */ = {isa = PBXBuildFile; fileRef = 2D8052F11A91E6CE0073374F /* Images.xcassets */; };
		2D8052F51A91E6CE0073374F /* LaunchScreen.xib in Resources */ = {isa = PBXBuildFile; fileRef = 2D8052F31A91E6CE0073374F /* LaunchScreen.xib */; };
		2D8053011A91E6CF0073374F /* Link_It_ShopperTests.m in Sources */ = {isa = PBXBuildFile; fileRef = 2D8053001A91E6CF0073374F /* Link_It_ShopperTests.m */; };
/* End PBXBuildFile section */

/* Begin PBXContainerItemProxy section */
		2D8052FB1A91E6CF0073374F /* PBXContainerItemProxy */ = {
			isa = PBXContainerItemProxy;
			containerPortal = 2D8052D91A91E6CE0073374F /* Project object */;
			proxyType = 1;
			remoteGlobalIDString = 2D8052E01A91E6CE0073374F;
			remoteInfo = "Link It Shopper";
		};
/* End PBXContainerItemProxy section */

/* Begin PBXFileReference section */
		2D8052E11A91E6CE0073374F /* Link It Shopper.app */ = {isa = PBXFileReference; explicitFileType = wrapper.application; includeInIndex = 0; path = "Link It Shopper.app"; sourceTree = BUILT_PRODUCTS_DIR; };
		2D8052E51A91E6CE0073374F /* Info.plist */ = {isa = PBXFileReference; lastKnownFileType = text.plist.xml; path = Info.plist; sourceTree = "<group>"; };
		2D8052E61A91E6CE0073374F /* main.m */ = {isa = PBXFileReference; lastKnownFileType = sourcecode.c.objc; path = main.m; sourceTree = "<group>"; };
		2D8052E81A91E6CE0073374F /* AppDelegate.h */ = {isa = PBXFileReference; lastKnownFileType = sourcecode.c.h; path = AppDelegate.h; sourceTree = "<group>"; };
		2D8052E91A91E6CE0073374F /* AppDelegate.m */ = {isa = PBXFileReference; lastKnownFileType = sourcecode.c.objc; path = AppDelegate.m; sourceTree = "<group>"; };
		2D8052EB1A91E6CE0073374F /* ViewController.h */ = {isa = PBXFileReference; lastKnownFileType = sourcecode.c.h; path = ViewController.h; sourceTree = "<group>"; };
		2D8052EC1A91E6CE0073374F /* ViewController.m */ = {isa = PBXFileReference; lastKnownFileType = sourcecode.c.objc; path = ViewController.m; sourceTree = "<group>"; };
		2D8052EF1A91E6CE0073374F /* Base */ = {isa = PBXFileReference; lastKnownFileType = file.storyboard; name = Base; path = Base.lproj/Main.storyboard; sourceTree = "<group>"; };
		2D8052F11A91E6CE0073374F /* Images.xcassets */ = {isa = PBXFileReference; lastKnownFileType = folder.assetcatalog; path = Images.xcassets; sourceTree = "<group>"; };
		2D8052F41A91E6CE0073374F /* Base */ = {isa = PBXFileReference; lastKnownFileType = file.xib; name = Base; path = Base.lproj/LaunchScreen.xib; sourceTree = "<group>"; };
		2D8052FA1A91E6CF0073374F /* Link It ShopperTests.xctest */ = {isa = PBXFileReference; explicitFileType = wrapper.cfbundle; includeInIndex = 0; path = "Link It ShopperTests.xctest"; sourceTree = BUILT_PRODUCTS_DIR; };
		2D8052FF1A91E6CF0073374F /* Info.plist */ = {isa = PBXFileReference; lastKnownFileType = text.plist.xml; path = Info.plist; sourceTree = "<group>"; };
		2D8053001A91E6CF0073374F /* Link_It_ShopperTests.m */ = {isa = PBXFileReference; lastKnownFileType = sourcecode.c.objc; path = Link_It_ShopperTests.m; sourceTree = "<group>"; };
/* End PBXFileReference section */

/* Begin PBXFrameworksBuildPhase section */
		2D8052DE1A91E6CE0073374F /* Frameworks */ = {
			isa = PBXFrameworksBuildPhase;
			buildActionMask = 2147483647;
			files = (
			);
			runOnlyForDeploymentPostprocessing = 0;
		};
		2D8052F71A91E6CF0073374F /* Frameworks */ = {
			isa = PBXFrameworksBuildPhase;
			buildActionMask = 2147483647;
			files = (
			);
			runOnlyForDeploymentPostprocessing = 0;
		};
/* End PBXFrameworksBuildPhase section */

/* Begin PBXGroup section */
		2D8052D81A91E6CE0073374F = {
			isa = PBXGroup;
			children = (
				2D8052E31A91E6CE0073374F /* Link It Shopper */,
				2D8052FD1A91E6CF0073374F /* Link It ShopperTests */,
				2D8052E21A91E6CE0073374F /* Products */,
			);
			sourceTree = "<group>";
		};
		2D8052E21A91E6CE0073374F /* Products */ = {
			isa = PBXGroup;
			children = (
				2D8052E11A91E6CE0073374F /* Link It Shopper.app */,
				2D8052FA1A91E6CF0073374F /* Link It ShopperTests.xctest */,
			);
			name = Products;
			sourceTree = "<group>";
		};
		2D8052E31A91E6CE0073374F /* Link It Shopper */ = {
			isa = PBXGroup;
			children = (
				2D8052E81A91E6CE0073374F /* AppDelegate.h */,
				2D8052E91A91E6CE0073374F /* AppDelegate.m */,
				2D8052EB1A91E6CE0073374F /* ViewController.h */,
				2D8052EC1A91E6CE0073374F /* ViewController.m */,
				2D8052EE1A91E6CE0073374F /* Main.storyboard */,
				2D8052F11A91E6CE0073374F /* Images.xcassets */,
				2D8052F31A91E6CE0073374F /* LaunchScreen.xib */,
				2D8052E41A91E6CE0073374F /* Supporting Files */,
			);
			path = "Link It Shopper";
			sourceTree = "<group>";
		};
		2D8052E41A91E6CE0073374F /* Supporting Files */ = {
			isa = PBXGroup;
			children = (
				2D8052E51A91E6CE0073374F /* Info.plist */,
				2D8052E61A91E6CE0073374F /* main.m */,
			);
			name = "Supporting Files";
			sourceTree = "<group>";
		};
		2D8052FD1A91E6CF0073374F /* Link It ShopperTests */ = {
			isa = PBXGroup;
			children = (
				2D8053001A91E6CF0073374F /* Link_It_ShopperTests.m */,
				2D8052FE1A91E6CF0073374F /* Supporting Files */,
			);
			path = "Link It ShopperTests";
			sourceTree = "<group>";
		};
		2D8052FE1A91E6CF0073374F /* Supporting Files */ = {
			isa = PBXGroup;
			children = (
				2D8052FF1A91E6CF0073374F /* Info.plist */,
			);
			name = "Supporting Files";
			sourceTree = "<group>";
		};
/* End PBXGroup section */

/* Begin PBXNativeTarget section */
		2D8052E01A91E6CE0073374F /* Link It Shopper */ = {
			isa = PBXNativeTarget;
			buildConfigurationList = 2D8053041A91E6CF0073374F /* Build configuration list for PBXNativeTarget "Link It Shopper" */;
			buildPhases = (
				2D8052DD1A91E6CE0073374F /* Sources */,
				2D8052DE1A91E6CE0073374F /* Frameworks */,
				2D8052DF1A91E6CE0073374F /* Resources */,
			);
			buildRules = (
			);
			dependencies = (
			);
			name = "Link It Shopper";
			productName = "Link It Shopper";
			productReference = 2D8052E11A91E6CE0073374F /* Link It Shopper.app */;
			productType = "com.apple.product-type.application";
		};
		2D8052F91A91E6CF0073374F /* Link It ShopperTests */ = {
			isa = PBXNativeTarget;
			buildConfigurationList = 2D8053071A91E6CF0073374F /* Build configuration list for PBXNativeTarget "Link It ShopperTests" */;
			buildPhases = (
				2D8052F61A91E6CF0073374F /* Sources */,
				2D8052F71A91E6CF0073374F /* Frameworks */,
				2D8052F81A91E6CF0073374F /* Resources */,
			);
			buildRules = (
			);
			dependencies = (
				2D8052FC1A91E6CF0073374F /* PBXTargetDependency */,
			);
			name = "Link It ShopperTests";
			productName = "Link It ShopperTests";
			productReference = 2D8052FA1A91E6CF0073374F /* Link It ShopperTests.xctest */;
			productType = "com.apple.product-type.bundle.unit-test";
		};
/* End PBXNativeTarget section */

/* Begin PBXProject section */
		2D8052D91A91E6CE0073374F /* Project object */ = {
			isa = PBXProject;
			attributes = {
				LastUpgradeCheck = 0610;
				ORGANIZATIONNAME = "Sina Rezaimehr";
				TargetAttributes = {
					2D8052E01A91E6CE0073374F = {
						CreatedOnToolsVersion = 6.1.1;
					};
					2D8052F91A91E6CF0073374F = {
						CreatedOnToolsVersion = 6.1.1;
						TestTargetID = 2D8052E01A91E6CE0073374F;
					};
				};
			};
			buildConfigurationList = 2D8052DC1A91E6CE0073374F /* Build configuration list for PBXProject "Link It Shopper" */;
			compatibilityVersion = "Xcode 3.2";
			developmentRegion = English;
			hasScannedForEncodings = 0;
			knownRegions = (
				en,
				Base,
			);
			mainGroup = 2D8052D81A91E6CE0073374F;
			productRefGroup = 2D8052E21A91E6CE0073374F /* Products */;
			projectDirPath = "";
			projectRoot = "";
			targets = (
				2D8052E01A91E6CE0073374F /* Link It Shopper */,
				2D8052F91A91E6CF0073374F /* Link It ShopperTests */,
			);
		};
/* End PBXProject section */

/* Begin PBXResourcesBuildPhase section */
		2D8052DF1A91E6CE0073374F /* Resources */ = {
			isa = PBXResourcesBuildPhase;
			buildActionMask = 2147483647;
			files = (
				2D8052F01A91E6CE0073374F /* Main.storyboard in Resources */,
				2D8052F51A91E6CE0073374F /* LaunchScreen.xib in Resources */,
				2D8052F21A91E6CE0073374F /* Images.xcassets in Resources */,
			);
			runOnlyForDeploymentPostprocessing = 0;
		};
		2D8052F81A91E6CF0073374F /* Resources */ = {
			isa = PBXResourcesBuildPhase;
			buildActionMask = 2147483647;
			files = (
			);
			runOnlyForDeploymentPostprocessing = 0;
		};
/* End PBXResourcesBuildPhase section */

/* Begin PBXSourcesBuildPhase section */
		2D8052DD1A91E6CE0073374F /* Sources */ = {
			isa = PBXSourcesBuildPhase;
			buildActionMask = 2147483647;
			files = (
				2D8052ED1A91E6CE0073374F /* ViewController.m in Sources */,
				2D8052EA1A91E6CE0073374F /* AppDelegate.m in Sources */,
				2D8052E71A91E6CE0073374F /* main.m in Sources */,
			);
			runOnlyForDeploymentPostprocessing = 0;
		};
		2D8052F61A91E6CF0073374F /* Sources */ = {
			isa = PBXSourcesBuildPhase;
			buildActionMask = 2147483647;
			files = (
				2D8053011A91E6CF0073374F /* Link_It_ShopperTests.m in Sources */,
			);
			runOnlyForDeploymentPostprocessing = 0;
		};
/* End PBXSourcesBuildPhase section */

/* Begin PBXTargetDependency section */
		2D8052FC1A91E6CF0073374F /* PBXTargetDependency */ = {
			isa = PBXTargetDependency;
			target = 2D8052E01A91E6CE0073374F /* Link It Shopper */;
			targetProxy = 2D8052FB1A91E6CF0073374F /* PBXContainerItemProxy */;
		};
/* End PBXTargetDependency section */

/* Begin PBXVariantGroup section */
		2D8052EE1A91E6CE0073374F /* Main.storyboard */ = {
			isa = PBXVariantGroup;
			children = (
				2D8052EF1A91E6CE0073374F /* Base */,
			);
			name = Main.storyboard;
			sourceTree = "<group>";
		};
		2D8052F31A91E6CE0073374F /* LaunchScreen.xib */ = {
			isa = PBXVariantGroup;
			children = (
				2D8052F41A91E6CE0073374F /* Base */,
			);
			name = LaunchScreen.xib;
			sourceTree = "<group>";
		};
/* End PBXVariantGroup section */

/* Begin XCBuildConfiguration section */
		2D8053021A91E6CF0073374F /* Debug */ = {
			isa = XCBuildConfiguration;
			buildSettings = {
				ALWAYS_SEARCH_USER_PATHS = NO;
				CLANG_CXX_LANGUAGE_STANDARD = "gnu++0x";
				CLANG_CXX_LIBRARY = "libc++";
				CLANG_ENABLE_MODULES = YES;
				CLANG_ENABLE_OBJC_ARC = YES;
				CLANG_WARN_BOOL_CONVERSION = YES;
				CLANG_WARN_CONSTANT_CONVERSION = YES;
				CLANG_WARN_DIRECT_OBJC_ISA_USAGE = YES_ERROR;
				CLANG_WARN_EMPTY_BODY = YES;
				CLANG_WARN_ENUM_CONVERSION = YES;
				CLANG_WARN_INT_CONVERSION = YES;
				CLANG_WARN_OBJC_ROOT_CLASS = YES_ERROR;
				CLANG_WARN_UNREACHABLE_CODE = YES;
				CLANG_WARN__DUPLICATE_METHOD_MATCH = YES;
				"CODE_SIGN_IDENTITY[sdk=iphoneos*]" = "iPhone Developer";
				COPY_PHASE_STRIP = NO;
				ENABLE_STRICT_OBJC_MSGSEND = YES;
				GCC_C_LANGUAGE_STANDARD = gnu99;
				GCC_DYNAMIC_NO_PIC = NO;
				GCC_OPTIMIZATION_LEVEL = 0;
				GCC_PREPROCESSOR_DEFINITIONS = (
					"DEBUG=1",
					"$(inherited)",
				);
				GCC_SYMBOLS_PRIVATE_EXTERN = NO;
				GCC_WARN_64_TO_32_BIT_CONVERSION = YES;
				GCC_WARN_ABOUT_RETURN_TYPE = YES_ERROR;
				GCC_WARN_UNDECLARED_SELECTOR = YES;
				GCC_WARN_UNINITIALIZED_AUTOS = YES_AGGRESSIVE;
				GCC_WARN_UNUSED_FUNCTION = YES;
				GCC_WARN_UNUSED_VARIABLE = YES;
				IPHONEOS_DEPLOYMENT_TARGET = 8.1;
				MTL_ENABLE_DEBUG_INFO = YES;
				ONLY_ACTIVE_ARCH = YES;
				SDKROOT = iphoneos;
				TARGETED_DEVICE_FAMILY = "1,2";
			};
			name = Debug;
		};
		2D8053031A91E6CF0073374F /* Release */ = {
			isa = XCBuildConfiguration;
			buildSettings = {
				ALWAYS_SEARCH_USER_PATHS = NO;
				CLANG_CXX_LANGUAGE_STANDARD = "gnu++0x";
				CLANG_CXX_LIBRARY = "libc++";
				CLANG_ENABLE_MODULES = YES;
				CLANG_ENABLE_OBJC_ARC = YES;
				CLANG_WARN_BOOL_CONVERSION = YES;
				CLANG_WARN_CONSTANT_CONVERSION = YES;
				CLANG_WARN_DIRECT_OBJC_ISA_USAGE = YES_ERROR;
				CLANG_WARN_EMPTY_BODY = YES;
				CLANG_WARN_ENUM_CONVERSION = YES;
				CLANG_WARN_INT_CONVERSION = YES;
				CLANG_WARN_OBJC_ROOT_CLASS = YES_ERROR;
				CLANG_WARN_UNREACHABLE_CODE = YES;
				CLANG_WARN__DUPLICATE_METHOD_MATCH = YES;
				"CODE_SIGN_IDENTITY[sdk=iphoneos*]" = "iPhone Developer";
				COPY_PHASE_STRIP = YES;
				ENABLE_NS_ASSERTIONS = NO;
				ENABLE_STRICT_OBJC_MSGSEND = YES;
				GCC_C_LANGUAGE_STANDARD = gnu99;
				GCC_WARN_64_TO_32_BIT_CONVERSION = YES;
				GCC_WARN_ABOUT_RETURN_TYPE = YES_ERROR;
				GCC_WARN_UNDECLARED_SELECTOR = YES;
				GCC_WARN_UNINITIALIZED_AUTOS = YES_AGGRESSIVE;
				GCC_WARN_UNUSED_FUNCTION = YES;
				GCC_WARN_UNUSED_VARIABLE = YES;
				IPHONEOS_DEPLOYMENT_TARGET = 8.1;
				MTL_ENABLE_DEBUG_INFO = NO;
				SDKROOT = iphoneos;
				TARGETED_DEVICE_FAMILY = "1,2";
				VALIDATE_PRODUCT = YES;
			};
			name = Release;
		};
		2D8053051A91E6CF0073374F /* Debug */ = {
			isa = XCBuildConfiguration;
			buildSettings = {
				ASSETCATALOG_COMPILER_APPICON_NAME = AppIcon;
				INFOPLIST_FILE = "Link It Shopper/Info.plist";
				LD_RUNPATH_SEARCH_PATHS = "$(inherited) @executable_path/Frameworks";
				PRODUCT_NAME = "$(TARGET_NAME)";
			};
			name = Debug;
		};
		2D8053061A91E6CF0073374F /* Release */ = {
			isa = XCBuildConfiguration;
			buildSettings = {
				ASSETCATALOG_COMPILER_APPICON_NAME = AppIcon;
				INFOPLIST_FILE = "Link It Shopper/Info.plist";
				LD_RUNPATH_SEARCH_PATHS = "$(inherited) @executable_path/Frameworks";
				PRODUCT_NAME = "$(TARGET_NAME)";
			};
			name = Release;
		};
		2D8053081A91E6CF0073374F /* Debug */ = {
			isa = XCBuildConfiguration;
			buildSettings = {
				BUNDLE_LOADER = "$(TEST_HOST)";
				FRAMEWORK_SEARCH_PATHS = (
					"$(SDKROOT)/Developer/Library/Frameworks",
					"$(inherited)",
				);
				GCC_PREPROCESSOR_DEFINITIONS = (
					"DEBUG=1",
					"$(inherited)",
				);
				INFOPLIST_FILE = "Link It ShopperTests/Info.plist";
				LD_RUNPATH_SEARCH_PATHS = "$(inherited) @executable_path/Frameworks @loader_path/Frameworks";
				PRODUCT_NAME = "$(TARGET_NAME)";
				TEST_HOST = "$(BUILT_PRODUCTS_DIR)/Link It Shopper.app/Link It Shopper";
			};
			name = Debug;
		};
		2D8053091A91E6CF0073374F /* Release */ = {
			isa = XCBuildConfiguration;
			buildSettings = {
				BUNDLE_LOADER = "$(TEST_HOST)";
				FRAMEWORK_SEARCH_PATHS = (
					"$(SDKROOT)/Developer/Library/Frameworks",
					"$(inherited)",
				);
				INFOPLIST_FILE = "Link It ShopperTests/Info.plist";
				LD_RUNPATH_SEARCH_PATHS = "$(inherited) @executable_path/Frameworks @loader_path/Frameworks";
				PRODUCT_NAME = "$(TARGET_NAME)";
				TEST_HOST = "$(BUILT_PRODUCTS_DIR)/Link It Shopper.app/Link It Shopper";
			};
			name = Release;
		};
/* End XCBuildConfiguration section */

/* Begin XCConfigurationList section */
		2D8052DC1A91E6CE0073374F /* Build configuration list for PBXProject "Link It Shopper" */ = {
			isa = XCConfigurationList;
			buildConfigurations = (
				2D8053021A91E6CF0073374F /* Debug */,
				2D8053031A91E6CF0073374F /* Release */,
			);
			defaultConfigurationIsVisible = 0;
			defaultConfigurationName = Release;
		};
		2D8053041A91E6CF0073374F /* Build configuration list for PBXNativeTarget "Link It Shopper" */ = {
			isa = XCConfigurationList;
			buildConfigurations = (
				2D8053051A91E6CF0073374F /* Debug */,
				2D8053061A91E6CF0073374F /* Release */,
			);
			defaultConfigurationIsVisible = 0;
		};
		2D8053071A91E6CF0073374F /* Build configuration list for PBXNativeTarget "Link It ShopperTests" */ = {
			isa = XCConfigurationList;
			buildConfigurations = (
				2D8053081A91E6CF0073374F /* Debug */,
				2D8053091A91E6CF0073374F /* Release */,
			);
			defaultConfigurationIsVisible = 0;
		};
/* End XCConfigurationList section */
	};
	rootObject = 2D8052D91A91E6CE0073374F /* Project object */;
}
